
Microsoft Visual Studio Solution File, Format Version 12.00
# Visual Studio Version 17
VisualStudioVersion = 17.8.34330.188
MinimumVisualStudioVersion = 10.0.40219.1
Project("{FAE04EC0-301F-11D3-BF4B-00C04F79EFBC}") = "MVCRev.PL", "MVCRev.PL\MVCRev.PL.csproj", "{4065D869-C036-4FFB-81ED-25F60AAED634}"
EndProject
Project("{FAE04EC0-301F-11D3-BF4B-00C04F79EFBC}") = "MVCRev.DAL", "MVCRev.DAL\MVCRev.DAL.csproj", "{A9FD895C-688B-4517-ACDF-F53429AC2583}"
EndProject
Project("{FAE04EC0-301F-11D3-BF4B-00C04F79EFBC}") = "MVCRev.BLL", "MVCRev.BLL\MVCRev.BLL.csproj", "{791B7C3B-6222-4EDA-8AFC-4BB665E3DB31}"
EndProject
Global
	GlobalSection(SolutionConfigurationPlatforms) = preSolution
		Debug|Any CPU = Debug|Any CPU
		Release|Any CPU = Release|Any CPU
	EndGlobalSection
	GlobalSection(ProjectConfigurationPlatforms) = postSolution
		{4065D869-C036-4FFB-81ED-25F60AAED634}.Debug|Any CPU.ActiveCfg = Debug|Any CPU
		{4065D869-C036-4FFB-81ED-25F60AAED634}.Debug|Any CPU.Build.0 = Debug|Any CPU
		{4065D869-C036-4FFB-81ED-25F60AAED634}.Release|Any CPU.ActiveCfg = Release|Any CPU
		{4065D869-C036-4FFB-81ED-25F60AAED634}.Release|Any CPU.Build.0 = Release|Any CPU
		{A9FD895C-688B-4517-ACDF-F53429AC2583}.Debug|Any CPU.ActiveCfg = Debug|Any CPU
		{A9FD895C-688B-4517-ACDF-F53429AC2583}.Debug|Any CPU.Build.0 = Debug|Any CPU
		{A9FD895C-688B-4517-ACDF-F53429AC2583}.Release|Any CPU.ActiveCfg = Release|Any CPU
		{A9FD895C-688B-4517-ACDF-F53429AC2583}.Release|Any CPU.Build.0 = Release|Any CPU
		{791B7C3B-6222-4EDA-8AFC-4BB665E3DB31}.Debug|Any CPU.ActiveCfg = Debug|Any CPU
		{791B7C3B-6222-4EDA-8AFC-4BB665E3DB31}.Debug|Any CPU.Build.0 = Debug|Any CPU
		{791B7C3B-6222-4EDA-8AFC-4BB665E3DB31}.Release|Any CPU.ActiveCfg = Release|Any CPU
		{791B7C3B-6222-4EDA-8AFC-4BB665E3DB31}.Release|Any CPU.Build.0 = Release|Any CPU
	EndGlobalSection
	GlobalSection(SolutionProperties) = preSolution
		HideSolutionNode = FALSE
	EndGlobalSection
	GlobalSection(ExtensibilityGlobals) = postSolution
		SolutionGuid = {1986F032-0426-40DC-93AA-B7DA59B930A8}
	EndGlobalSection
EndGlobal
